// !$*UTF8*$!
{
	archiveVersion = 1;
	classes = {
	};
	objectVersion = 46;
	objects = {

/* Begin PBXBuildFile section */
		E7FBF1DB1CBFEB19000DC253 /* AppDelegate.swift in Sources */ = {isa = PBXBuildFile; fileRef = E7FBF1DA1CBFEB19000DC253 /* AppDelegate.swift */; };
		E7FBF1DD1CBFEB19000DC253 /* ViewController.swift in Sources */ = {isa = PBXBuildFile; fileRef = E7FBF1DC1CBFEB19000DC253 /* ViewController.swift */; };
		E7FBF1E01CBFEB19000DC253 /* Main.storyboard in Resources */ = {isa = PBXBuildFile; fileRef = E7FBF1DE1CBFEB19000DC253 /* Main.storyboard */; };
		E7FBF1E31CBFEB19000DC253 /* TeacherConference.xcdatamodeld in Sources */ = {isa = PBXBuildFile; fileRef = E7FBF1E11CBFEB19000DC253 /* TeacherConference.xcdatamodeld */; };
		E7FBF1E51CBFEB19000DC253 /* Assets.xcassets in Resources */ = {isa = PBXBuildFile; fileRef = E7FBF1E41CBFEB19000DC253 /* Assets.xcassets */; };
		E7FBF1E81CBFEB19000DC253 /* LaunchScreen.storyboard in Resources */ = {isa = PBXBuildFile; fileRef = E7FBF1E61CBFEB19000DC253 /* LaunchScreen.storyboard */; };
		E7FBF1F31CBFEB19000DC253 /* TeacherConferenceTests.swift in Sources */ = {isa = PBXBuildFile; fileRef = E7FBF1F21CBFEB19000DC253 /* TeacherConferenceTests.swift */; };
		E7FBF1FE1CBFEB19000DC253 /* TeacherConferenceUITests.swift in Sources */ = {isa = PBXBuildFile; fileRef = E7FBF1FD1CBFEB19000DC253 /* TeacherConferenceUITests.swift */; };
/* End PBXBuildFile section */

/* Begin PBXContainerItemProxy section */
		E7FBF1EF1CBFEB19000DC253 /* PBXContainerItemProxy */ = {
			isa = PBXContainerItemProxy;
			containerPortal = E7FBF1CF1CBFEB19000DC253 /* Project object */;
			proxyType = 1;
			remoteGlobalIDString = E7FBF1D61CBFEB19000DC253;
			remoteInfo = TeacherConference;
		};
		E7FBF1FA1CBFEB19000DC253 /* PBXContainerItemProxy */ = {
			isa = PBXContainerItemProxy;
			containerPortal = E7FBF1CF1CBFEB19000DC253 /* Project object */;
			proxyType = 1;
			remoteGlobalIDString = E7FBF1D61CBFEB19000DC253;
			remoteInfo = TeacherConference;
		};
/* End PBXContainerItemProxy section */

/* Begin PBXFileReference section */
		E7FBF1D71CBFEB19000DC253 /* TeacherConference.app */ = {isa = PBXFileReference; explicitFileType = wrapper.application; includeInIndex = 0; path = TeacherConference.app; sourceTree = BUILT_PRODUCTS_DIR; };
		E7FBF1DA1CBFEB19000DC253 /* AppDelegate.swift */ = {isa = PBXFileReference; lastKnownFileType = sourcecode.swift; path = AppDelegate.swift; sourceTree = "<group>"; };
		E7FBF1DC1CBFEB19000DC253 /* ViewController.swift */ = {isa = PBXFileReference; lastKnownFileType = sourcecode.swift; path = ViewController.swift; sourceTree = "<group>"; };
		E7FBF1DF1CBFEB19000DC253 /* Base */ = {isa = PBXFileReference; lastKnownFileType = file.storyboard; name = Base; path = Base.lproj/Main.storyboard; sourceTree = "<group>"; };
		E7FBF1E21CBFEB19000DC253 /* TeacherConference.xcdatamodel */ = {isa = PBXFileReference; lastKnownFileType = wrapper.xcdatamodel; path = TeacherConference.xcdatamodel; sourceTree = "<group>"; };
		E7FBF1E41CBFEB19000DC253 /* Assets.xcassets */ = {isa = PBXFileReference; lastKnownFileType = folder.assetcatalog; path = Assets.xcassets; sourceTree = "<group>"; };
		E7FBF1E71CBFEB19000DC253 /* Base */ = {isa = PBXFileReference; lastKnownFileType = file.storyboard; name = Base; path = Base.lproj/LaunchScreen.storyboard; sourceTree = "<group>"; };
		E7FBF1E91CBFEB19000DC253 /* Info.plist */ = {isa = PBXFileReference; lastKnownFileType = text.plist.xml; path = Info.plist; sourceTree = "<group>"; };
		E7FBF1EE1CBFEB19000DC253 /* TeacherConferenceTests.xctest */ = {isa = PBXFileReference; explicitFileType = wrapper.cfbundle; includeInIndex = 0; path = TeacherConferenceTests.xctest; sourceTree = BUILT_PRODUCTS_DIR; };
		E7FBF1F21CBFEB19000DC253 /* TeacherConferenceTests.swift */ = {isa = PBXFileReference; lastKnownFileType = sourcecode.swift; path = TeacherConferenceTests.swift; sourceTree = "<group>"; };
		E7FBF1F41CBFEB19000DC253 /* Info.plist */ = {isa = PBXFileReference; lastKnownFileType = text.plist.xml; path = Info.plist; sourceTree = "<group>"; };
		E7FBF1F91CBFEB19000DC253 /* TeacherConferenceUITests.xctest */ = {isa = PBXFileReference; explicitFileType = wrapper.cfbundle; includeInIndex = 0; path = TeacherConferenceUITests.xctest; sourceTree = BUILT_PRODUCTS_DIR; };
		E7FBF1FD1CBFEB19000DC253 /* TeacherConferenceUITests.swift */ = {isa = PBXFileReference; lastKnownFileType = sourcecode.swift; path = TeacherConferenceUITests.swift; sourceTree = "<group>"; };
		E7FBF1FF1CBFEB19000DC253 /* Info.plist */ = {isa = PBXFileReference; lastKnownFileType = text.plist.xml; path = Info.plist; sourceTree = "<group>"; };
/* End PBXFileReference section */

/* Begin PBXFrameworksBuildPhase section */
		E7FBF1D41CBFEB19000DC253 /* Frameworks */ = {
			isa = PBXFrameworksBuildPhase;
			buildActionMask = 2147483647;
			files = (
			);
			runOnlyForDeploymentPostprocessing = 0;
		};
		E7FBF1EB1CBFEB19000DC253 /* Frameworks */ = {
			isa = PBXFrameworksBuildPhase;
			buildActionMask = 2147483647;
			files = (
			);
			runOnlyForDeploymentPostprocessing = 0;
		};
		E7FBF1F61CBFEB19000DC253 /* Frameworks */ = {
			isa = PBXFrameworksBuildPhase;
			buildActionMask = 2147483647;
			files = (
			);
			runOnlyForDeploymentPostprocessing = 0;
		};
/* End PBXFrameworksBuildPhase section */

/* Begin PBXGroup section */
		E7FBF1CE1CBFEB19000DC253 = {
			isa = PBXGroup;
			children = (
				E7FBF1D91CBFEB19000DC253 /* TeacherConference */,
				E7FBF1F11CBFEB19000DC253 /* TeacherConferenceTests */,
				E7FBF1FC1CBFEB19000DC253 /* TeacherConferenceUITests */,
				E7FBF1D81CBFEB19000DC253 /* Products */,
			);
			sourceTree = "<group>";
		};
		E7FBF1D81CBFEB19000DC253 /* Products */ = {
			isa = PBXGroup;
			children = (
				E7FBF1D71CBFEB19000DC253 /* TeacherConference.app */,
				E7FBF1EE1CBFEB19000DC253 /* TeacherConferenceTests.xctest */,
				E7FBF1F91CBFEB19000DC253 /* TeacherConferenceUITests.xctest */,
			);
			name = Products;
			sourceTree = "<group>";
		};
		E7FBF1D91CBFEB19000DC253 /* TeacherConference */ = {
			isa = PBXGroup;
			children = (
				E7FBF1DA1CBFEB19000DC253 /* AppDelegate.swift */,
				E7FBF1DC1CBFEB19000DC253 /* ViewController.swift */,
				E7FBF1DE1CBFEB19000DC253 /* Main.storyboard */,
				E7FBF1E41CBFEB19000DC253 /* Assets.xcassets */,
				E7FBF1E61CBFEB19000DC253 /* LaunchScreen.storyboard */,
				E7FBF1E91CBFEB19000DC253 /* Info.plist */,
				E7FBF1E11CBFEB19000DC253 /* TeacherConference.xcdatamodeld */,
			);
			path = TeacherConference;
			sourceTree = "<group>";
		};
		E7FBF1F11CBFEB19000DC253 /* TeacherConferenceTests */ = {
			isa = PBXGroup;
			children = (
				E7FBF1F21CBFEB19000DC253 /* TeacherConferenceTests.swift */,
				E7FBF1F41CBFEB19000DC253 /* Info.plist */,
			);
			path = TeacherConferenceTests;
			sourceTree = "<group>";
		};
		E7FBF1FC1CBFEB19000DC253 /* TeacherConferenceUITests */ = {
			isa = PBXGroup;
			children = (
				E7FBF1FD1CBFEB19000DC253 /* TeacherConferenceUITests.swift */,
				E7FBF1FF1CBFEB19000DC253 /* Info.plist */,
			);
			path = TeacherConferenceUITests;
			sourceTree = "<group>";
		};
/* End PBXGroup section */

/* Begin PBXNativeTarget section */
		E7FBF1D61CBFEB19000DC253 /* TeacherConference */ = {
			isa = PBXNativeTarget;
			buildConfigurationList = E7FBF2021CBFEB19000DC253 /* Build configuration list for PBXNativeTarget "TeacherConference" */;
			buildPhases = (
				E7FBF1D31CBFEB19000DC253 /* Sources */,
				E7FBF1D41CBFEB19000DC253 /* Frameworks */,
				E7FBF1D51CBFEB19000DC253 /* Resources */,
			);
			buildRules = (
			);
			dependencies = (
			);
			name = TeacherConference;
			productName = TeacherConference;
			productReference = E7FBF1D71CBFEB19000DC253 /* TeacherConference.app */;
			productType = "com.apple.product-type.application";
		};
		E7FBF1ED1CBFEB19000DC253 /* TeacherConferenceTests */ = {
			isa = PBXNativeTarget;
			buildConfigurationList = E7FBF2051CBFEB19000DC253 /* Build configuration list for PBXNativeTarget "TeacherConferenceTests" */;
			buildPhases = (
				E7FBF1EA1CBFEB19000DC253 /* Sources */,
				E7FBF1EB1CBFEB19000DC253 /* Frameworks */,
				E7FBF1EC1CBFEB19000DC253 /* Resources */,
			);
			buildRules = (
			);
			dependencies = (
				E7FBF1F01CBFEB19000DC253 /* PBXTargetDependency */,
			);
			name = TeacherConferenceTests;
			productName = TeacherConferenceTests;
			productReference = E7FBF1EE1CBFEB19000DC253 /* TeacherConferenceTests.xctest */;
			productType = "com.apple.product-type.bundle.unit-test";
		};
		E7FBF1F81CBFEB19000DC253 /* TeacherConferenceUITests */ = {
			isa = PBXNativeTarget;
			buildConfigurationList = E7FBF2081CBFEB19000DC253 /* Build configuration list for PBXNativeTarget "TeacherConferenceUITests" */;
			buildPhases = (
				E7FBF1F51CBFEB19000DC253 /* Sources */,
				E7FBF1F61CBFEB19000DC253 /* Frameworks */,
				E7FBF1F71CBFEB19000DC253 /* Resources */,
			);
			buildRules = (
			);
			dependencies = (
				E7FBF1FB1CBFEB19000DC253 /* PBXTargetDependency */,
			);
			name = TeacherConferenceUITests;
			productName = TeacherConferenceUITests;
			productReference = E7FBF1F91CBFEB19000DC253 /* TeacherConferenceUITests.xctest */;
			productType = "com.apple.product-type.bundle.ui-testing";
		};
/* End PBXNativeTarget section */

/* Begin PBXProject section */
		E7FBF1CF1CBFEB19000DC253 /* Project object */ = {
			isa = PBXProject;
			attributes = {
				LastSwiftUpdateCheck = 0730;
				LastUpgradeCheck = 0730;
				ORGANIZATIONNAME = "John Hersey High school";
				TargetAttributes = {
					E7FBF1D61CBFEB19000DC253 = {
						CreatedOnToolsVersion = 7.3;
						DevelopmentTeam = 4BD2832G2G;
					};
					E7FBF1ED1CBFEB19000DC253 = {
						CreatedOnToolsVersion = 7.3;
						DevelopmentTeam = 4BD2832G2G;
						TestTargetID = E7FBF1D61CBFEB19000DC253;
					};
					E7FBF1F81CBFEB19000DC253 = {
						CreatedOnToolsVersion = 7.3;
						DevelopmentTeam = 4BD2832G2G;
						TestTargetID = E7FBF1D61CBFEB19000DC253;
					};
				};
			};
			buildConfigurationList = E7FBF1D21CBFEB19000DC253 /* Build configuration list for PBXProject "TeacherConference" */;
			compatibilityVersion = "Xcode 3.2";
			developmentRegion = English;
			hasScannedForEncodings = 0;
			knownRegions = (
				en,
				Base,
			);
			mainGroup = E7FBF1CE1CBFEB19000DC253;
			productRefGroup = E7FBF1D81CBFEB19000DC253 /* Products */;
			projectDirPath = "";
			projectRoot = "";
			targets = (
				E7FBF1D61CBFEB19000DC253 /* TeacherConference */,
				E7FBF1ED1CBFEB19000DC253 /* TeacherConferenceTests */,
				E7FBF1F81CBFEB19000DC253 /* TeacherConferenceUITests */,
			);
		};
/* End PBXProject section */

/* Begin PBXResourcesBuildPhase section */
		E7FBF1D51CBFEB19000DC253 /* Resources */ = {
			isa = PBXResourcesBuildPhase;
			buildActionMask = 2147483647;
			files = (
				E7FBF1E81CBFEB19000DC253 /* LaunchScreen.storyboard in Resources */,
				E7FBF1E51CBFEB19000DC253 /* Assets.xcassets in Resources */,
				E7FBF1E01CBFEB19000DC253 /* Main.storyboard in Resources */,
			);
			runOnlyForDeploymentPostprocessing = 0;
		};
		E7FBF1EC1CBFEB19000DC253 /* Resources */ = {
			isa = PBXResourcesBuildPhase;
			buildActionMask = 2147483647;
			files = (
			);
			runOnlyForDeploymentPostprocessing = 0;
		};
		E7FBF1F71CBFEB19000DC253 /* Resources */ = {
			isa = PBXResourcesBuildPhase;
			buildActionMask = 2147483647;
			files = (
			);
			runOnlyForDeploymentPostprocessing = 0;
		};
/* End PBXResourcesBuildPhase section */

/* Begin PBXSourcesBuildPhase section */
		E7FBF1D31CBFEB19000DC253 /* Sources */ = {
			isa = PBXSourcesBuildPhase;
			buildActionMask = 2147483647;
			files = (
				E7FBF1DD1CBFEB19000DC253 /* ViewController.swift in Sources */,
				E7FBF1E31CBFEB19000DC253 /* TeacherConference.xcdatamodeld in Sources */,
				E7FBF1DB1CBFEB19000DC253 /* AppDelegate.swift in Sources */,
			);
			runOnlyForDeploymentPostprocessing = 0;
		};
		E7FBF1EA1CBFEB19000DC253 /* Sources */ = {
			isa = PBXSourcesBuildPhase;
			buildActionMask = 2147483647;
			files = (
				E7FBF1F31CBFEB19000DC253 /* TeacherConferenceTests.swift in Sources */,
			);
			runOnlyForDeploymentPostprocessing = 0;
		};
		E7FBF1F51CBFEB19000DC253 /* Sources */ = {
			isa = PBXSourcesBuildPhase;
			buildActionMask = 2147483647;
			files = (
				E7FBF1FE1CBFEB19000DC253 /* TeacherConferenceUITests.swift in Sources */,
			);
			runOnlyForDeploymentPostprocessing = 0;
		};
/* End PBXSourcesBuildPhase section */

/* Begin PBXTargetDependency section */
		E7FBF1F01CBFEB19000DC253 /* PBXTargetDependency */ = {
			isa = PBXTargetDependency;
			target = E7FBF1D61CBFEB19000DC253 /* TeacherConference */;
			targetProxy = E7FBF1EF1CBFEB19000DC253 /* PBXContainerItemProxy */;
		};
		E7FBF1FB1CBFEB19000DC253 /* PBXTargetDependency */ = {
			isa = PBXTargetDependency;
			target = E7FBF1D61CBFEB19000DC253 /* TeacherConference */;
			targetProxy = E7FBF1FA1CBFEB19000DC253 /* PBXContainerItemProxy */;
		};
/* End PBXTargetDependency section */

/* Begin PBXVariantGroup section */
		E7FBF1DE1CBFEB19000DC253 /* Main.storyboard */ = {
			isa = PBXVariantGroup;
			children = (
				E7FBF1DF1CBFEB19000DC253 /* Base */,
			);
			name = Main.storyboard;
			sourceTree = "<group>";
		};
		E7FBF1E61CBFEB19000DC253 /* LaunchScreen.storyboard */ = {
			isa = PBXVariantGroup;
			children = (
				E7FBF1E71CBFEB19000DC253 /* Base */,
			);
			name = LaunchScreen.storyboard;
			sourceTree = "<group>";
		};
/* End PBXVariantGroup section */

/* Begin XCBuildConfiguration section */
		E7FBF2001CBFEB19000DC253 /* Debug */ = {
			isa = XCBuildConfiguration;
			buildSettings = {
				ALWAYS_SEARCH_USER_PATHS = NO;
				CLANG_ANALYZER_NONNULL = YES;
				CLANG_CXX_LANGUAGE_STANDARD = "gnu++0x";
				CLANG_CXX_LIBRARY = "libc++";
				CLANG_ENABLE_MODULES = YES;
				CLANG_ENABLE_OBJC_ARC = YES;
				CLANG_WARN_BOOL_CONVERSION = YES;
				CLANG_WARN_CONSTANT_CONVERSION = YES;
				CLANG_WARN_DIRECT_OBJC_ISA_USAGE = YES_ERROR;
				CLANG_WARN_EMPTY_BODY = YES;
				CLANG_WARN_ENUM_CONVERSION = YES;
				CLANG_WARN_INT_CONVERSION = YES;
				CLANG_WARN_OBJC_ROOT_CLASS = YES_ERROR;
				CLANG_WARN_UNREACHABLE_CODE = YES;
				CLANG_WARN__DUPLICATE_METHOD_MATCH = YES;
				"CODE_SIGN_IDENTITY[sdk=iphoneos*]" = "iPhone Developer";
				COPY_PHASE_STRIP = NO;
				DEBUG_INFORMATION_FORMAT = dwarf;
				ENABLE_STRICT_OBJC_MSGSEND = YES;
				ENABLE_TESTABILITY = YES;
				GCC_C_LANGUAGE_STANDARD = gnu99;
				GCC_DYNAMIC_NO_PIC = NO;
				GCC_NO_COMMON_BLOCKS = YES;
				GCC_OPTIMIZATION_LEVEL = 0;
				GCC_PREPROCESSOR_DEFINITIONS = (
					"DEBUG=1",
					"$(inherited)",
				);
				GCC_WARN_64_TO_32_BIT_CONVERSION = YES;
				GCC_WARN_ABOUT_RETURN_TYPE = YES_ERROR;
				GCC_WARN_UNDECLARED_SELECTOR = YES;
				GCC_WARN_UNINITIALIZED_AUTOS = YES_AGGRESSIVE;
				GCC_WARN_UNUSED_FUNCTION = YES;
				GCC_WARN_UNUSED_VARIABLE = YES;
				IPHONEOS_DEPLOYMENT_TARGET = 9.3;
				MTL_ENABLE_DEBUG_INFO = YES;
				ONLY_ACTIVE_ARCH = YES;
				SDKROOT = iphoneos;
				SWIFT_OPTIMIZATION_LEVEL = "-Onone";
				TARGETED_DEVICE_FAMILY = "1,2";
			};
			name = Debug;
		};
		E7FBF2011CBFEB19000DC253 /* Release */ = {
			isa = XCBuildConfiguration;
			buildSettings = {
				ALWAYS_SEARCH_USER_PATHS = NO;
				CLANG_ANALYZER_NONNULL = YES;
				CLANG_CXX_LANGUAGE_STANDARD = "gnu++0x";
				CLANG_CXX_LIBRARY = "libc++";
				CLANG_ENABLE_MODULES = YES;
				CLANG_ENABLE_OBJC_ARC = YES;
				CLANG_WARN_BOOL_CONVERSION = YES;
				CLANG_WARN_CONSTANT_CONVERSION = YES;
				CLANG_WARN_DIRECT_OBJC_ISA_USAGE = YES_ERROR;
				CLANG_WARN_EMPTY_BODY = YES;
				CLANG_WARN_ENUM_CONVERSION = YES;
				CLANG_WARN_INT_CONVERSION = YES;
				CLANG_WARN_OBJC_ROOT_CLASS = YES_ERROR;
				CLANG_WARN_UNREACHABLE_CODE = YES;
				CLANG_WARN__DUPLICATE_METHOD_MATCH = YES;
				"CODE_SIGN_IDENTITY[sdk=iphoneos*]" = "iPhone Developer";
				COPY_PHASE_STRIP = NO;
				DEBUG_INFORMATION_FORMAT = "dwarf-with-dsym";
				ENABLE_NS_ASSERTIONS = NO;
				ENABLE_STRICT_OBJC_MSGSEND = YES;
				GCC_C_LANGUAGE_STANDARD = gnu99;
				GCC_NO_COMMON_BLOCKS = YES;
				GCC_WARN_64_TO_32_BIT_CONVERSION = YES;
				GCC_WARN_ABOUT_RETURN_TYPE = YES_ERROR;
				GCC_WARN_UNDECLARED_SELECTOR = YES;
				GCC_WARN_UNINITIALIZED_AUTOS = YES_AGGRESSIVE;
				GCC_WARN_UNUSED_FUNCTION = YES;
				GCC_WARN_UNUSED_VARIABLE = YES;
				IPHONEOS_DEPLOYMENT_TARGET = 9.3;
				MTL_ENABLE_DEBUG_INFO = NO;
				SDKROOT = iphoneos;
				TARGETED_DEVICE_FAMILY = "1,2";
				VALIDATE_PRODUCT = YES;
			};
			name = Release;
		};
		E7FBF2031CBFEB19000DC253 /* Debug */ = {
			isa = XCBuildConfiguration;
			buildSettings = {
				ASSETCATALOG_COMPILER_APPICON_NAME = AppIcon;
				INFOPLIST_FILE = TeacherConference/Info.plist;
				LD_RUNPATH_SEARCH_PATHS = "$(inherited) @executable_path/Frameworks";
				PRODUCT_BUNDLE_IDENTIFIER = JHHS.TeacherConference;
				PRODUCT_NAME = "$(TARGET_NAME)";
			};
			name = Debug;
		};
		E7FBF2041CBFEB19000DC253 /* Release */ = {
			isa = XCBuildConfiguration;
			buildSettings = {
				ASSETCATALOG_COMPILER_APPICON_NAME = AppIcon;
				INFOPLIST_FILE = TeacherConference/Info.plist;
				LD_RUNPATH_SEARCH_PATHS = "$(inherited) @executable_path/Frameworks";
				PRODUCT_BUNDLE_IDENTIFIER = JHHS.TeacherConference;
				PRODUCT_NAME = "$(TARGET_NAME)";
			};
			name = Release;
		};
		E7FBF2061CBFEB19000DC253 /* Debug */ = {
			isa = XCBuildConfiguration;
			buildSettings = {
				BUNDLE_LOADER = "$(TEST_HOST)";
				INFOPLIST_FILE = TeacherConferenceTests/Info.plist;
				LD_RUNPATH_SEARCH_PATHS = "$(inherited) @executable_path/Frameworks @loader_path/Frameworks";
				PRODUCT_BUNDLE_IDENTIFIER = JHHS.TeacherConferenceTests;
				PRODUCT_NAME = "$(TARGET_NAME)";
				TEST_HOST = "$(BUILT_PRODUCTS_DIR)/TeacherConference.app/TeacherConference";
			};
			name = Debug;
		};
		E7FBF2071CBFEB19000DC253 /* Release */ = {
			isa = XCBuildConfiguration;
			buildSettings = {
				BUNDLE_LOADER = "$(TEST_HOST)";
				INFOPLIST_FILE = TeacherConferenceTests/Info.plist;
				LD_RUNPATH_SEARCH_PATHS = "$(inherited) @executable_path/Frameworks @loader_path/Frameworks";
				PRODUCT_BUNDLE_IDENTIFIER = JHHS.TeacherConferenceTests;
				PRODUCT_NAME = "$(TARGET_NAME)";
				TEST_HOST = "$(BUILT_PRODUCTS_DIR)/TeacherConference.app/TeacherConference";
			};
			name = Release;
		};
		E7FBF2091CBFEB19000DC253 /* Debug */ = {
			isa = XCBuildConfiguration;
			buildSettings = {
				INFOPLIST_FILE = TeacherConferenceUITests/Info.plist;
				LD_RUNPATH_SEARCH_PATHS = "$(inherited) @executable_path/Frameworks @loader_path/Frameworks";
				PRODUCT_BUNDLE_IDENTIFIER = JHHS.TeacherConferenceUITests;
				PRODUCT_NAME = "$(TARGET_NAME)";
				TEST_TARGET_NAME = TeacherConference;
			};
			name = Debug;
		};
		E7FBF20A1CBFEB19000DC253 /* Release */ = {
			isa = XCBuildConfiguration;
			buildSettings = {
				INFOPLIST_FILE = TeacherConferenceUITests/Info.plist;
				LD_RUNPATH_SEARCH_PATHS = "$(inherited) @executable_path/Frameworks @loader_path/Frameworks";
				PRODUCT_BUNDLE_IDENTIFIER = JHHS.TeacherConferenceUITests;
				PRODUCT_NAME = "$(TARGET_NAME)";
				TEST_TARGET_NAME = TeacherConference;
			};
			name = Release;
		};
/* End XCBuildConfiguration section */

/* Begin XCConfigurationList section */
		E7FBF1D21CBFEB19000DC253 /* Build configuration list for PBXProject "TeacherConference" */ = {
			isa = XCConfigurationList;
			buildConfigurations = (
				E7FBF2001CBFEB19000DC253 /* Debug */,
				E7FBF2011CBFEB19000DC253 /* Release */,
			);
			defaultConfigurationIsVisible = 0;
			defaultConfigurationName = Release;
		};
		E7FBF2021CBFEB19000DC253 /* Build configuration list for PBXNativeTarget "TeacherConference" */ = {
			isa = XCConfigurationList;
			buildConfigurations = (
				E7FBF2031CBFEB19000DC253 /* Debug */,
				E7FBF2041CBFEB19000DC253 /* Release */,
			);
			defaultConfigurationIsVisible = 0;
		};
		E7FBF2051CBFEB19000DC253 /* Build configuration list for PBXNativeTarget "TeacherConferenceTests" */ = {
			isa = XCConfigurationList;
			buildConfigurations = (
				E7FBF2061CBFEB19000DC253 /* Debug */,
				E7FBF2071CBFEB19000DC253 /* Release */,
			);
			defaultConfigurationIsVisible = 0;
		};
		E7FBF2081CBFEB19000DC253 /* Build configuration list for PBXNativeTarget "TeacherConferenceUITests" */ = {
			isa = XCConfigurationList;
			buildConfigurations = (
				E7FBF2091CBFEB19000DC253 /* Debug */,
				E7FBF20A1CBFEB19000DC253 /* Release */,
			);
			defaultConfigurationIsVisible = 0;
		};
/* End XCConfigurationList section */

/* Begin XCVersionGroup section */
		E7FBF1E11CBFEB19000DC253 /* TeacherConference.xcdatamodeld */ = {
			isa = XCVersionGroup;
			children = (
				E7FBF1E21CBFEB19000DC253 /* TeacherConference.xcdatamodel */,
			);
			currentVersion = E7FBF1E21CBFEB19000DC253 /* TeacherConference.xcdatamodel */;
			path = TeacherConference.xcdatamodeld;
			sourceTree = "<group>";
			versionGroupType = wrapper.xcdatamodel;
		};
/* End XCVersionGroup section */
	};
	rootObject = E7FBF1CF1CBFEB19000DC253 /* Project object */;
}
